// !$*UTF8*$!
{
	archiveVersion = 1;
	classes = {
	};
	objectVersion = 50;
	objects = {

/* Begin PBXBuildFile section */
		8C57A5512256E99100145D1F /* AppDelegate.swift in Sources */ = {isa = PBXBuildFile; fileRef = 8C57A5502256E99100145D1F /* AppDelegate.swift */; };
		8C57A5562256E99100145D1F /* Main.storyboard in Resources */ = {isa = PBXBuildFile; fileRef = 8C57A5542256E99100145D1F /* Main.storyboard */; };
		8C57A5592256E99100145D1F /* Parstagram.xcdatamodeld in Sources */ = {isa = PBXBuildFile; fileRef = 8C57A5572256E99100145D1F /* Parstagram.xcdatamodeld */; };
		8C57A55B2256E99700145D1F /* Assets.xcassets in Resources */ = {isa = PBXBuildFile; fileRef = 8C57A55A2256E99700145D1F /* Assets.xcassets */; };
		8C57A55E2256E99700145D1F /* LaunchScreen.storyboard in Resources */ = {isa = PBXBuildFile; fileRef = 8C57A55C2256E99700145D1F /* LaunchScreen.storyboard */; };
		8C57A5692256E99800145D1F /* ParstagramTests.swift in Sources */ = {isa = PBXBuildFile; fileRef = 8C57A5682256E99800145D1F /* ParstagramTests.swift */; };
		8C57A5742256E99800145D1F /* ParstagramUITests.swift in Sources */ = {isa = PBXBuildFile; fileRef = 8C57A5732256E99800145D1F /* ParstagramUITests.swift */; };
		8C5CA189225C1E3C00667556 /* LoginViewController.swift in Sources */ = {isa = PBXBuildFile; fileRef = 8C5CA188225C1E3C00667556 /* LoginViewController.swift */; };
		8C5CA18B225C1E4700667556 /* FeedViewController.swift in Sources */ = {isa = PBXBuildFile; fileRef = 8C5CA18A225C1E4700667556 /* FeedViewController.swift */; };
		8C5CA18D225C256000667556 /* CameraViewController.swift in Sources */ = {isa = PBXBuildFile; fileRef = 8C5CA18C225C256000667556 /* CameraViewController.swift */; };
		8C5CA18F225C343800667556 /* PostCell.swift in Sources */ = {isa = PBXBuildFile; fileRef = 8C5CA18E225C343800667556 /* PostCell.swift */; };
		99CF856C6047E731EAFD4FB5 /* Pods_ParstagramUITests.framework in Frameworks */ = {isa = PBXBuildFile; fileRef = 041734AFFF4BF1A46FCDFB31 /* Pods_ParstagramUITests.framework */; };
		9EB9E1F655757AD4EC82E4D1 /* Pods_ParstagramTests.framework in Frameworks */ = {isa = PBXBuildFile; fileRef = E31828C52EF030FA4DFFFDC2 /* Pods_ParstagramTests.framework */; };
		D11E80BFC318352BBA74B200 /* Pods_Parstagram.framework in Frameworks */ = {isa = PBXBuildFile; fileRef = D873EB03EEAABD837F3F1BA7 /* Pods_Parstagram.framework */; };
/* End PBXBuildFile section */

/* Begin PBXContainerItemProxy section */
		8C57A5652256E99800145D1F /* PBXContainerItemProxy */ = {
			isa = PBXContainerItemProxy;
			containerPortal = 8C57A5452256E99000145D1F /* Project object */;
			proxyType = 1;
			remoteGlobalIDString = 8C57A54C2256E99100145D1F;
			remoteInfo = Parstagram;
		};
		8C57A5702256E99800145D1F /* PBXContainerItemProxy */ = {
			isa = PBXContainerItemProxy;
			containerPortal = 8C57A5452256E99000145D1F /* Project object */;
			proxyType = 1;
			remoteGlobalIDString = 8C57A54C2256E99100145D1F;
			remoteInfo = Parstagram;
		};
/* End PBXContainerItemProxy section */

/* Begin PBXFileReference section */
		03A26626B95AF15B4501A79B /* Pods-ParstagramTests.debug.xcconfig */ = {isa = PBXFileReference; includeInIndex = 1; lastKnownFileType = text.xcconfig; name = "Pods-ParstagramTests.debug.xcconfig"; path = "Target Support Files/Pods-ParstagramTests/Pods-ParstagramTests.debug.xcconfig"; sourceTree = "<group>"; };
		041734AFFF4BF1A46FCDFB31 /* Pods_ParstagramUITests.framework */ = {isa = PBXFileReference; explicitFileType = wrapper.framework; includeInIndex = 0; path = Pods_ParstagramUITests.framework; sourceTree = BUILT_PRODUCTS_DIR; };
		32974329E3995A13E6F902E4 /* Pods-Parstagram.debug.xcconfig */ = {isa = PBXFileReference; includeInIndex = 1; lastKnownFileType = text.xcconfig; name = "Pods-Parstagram.debug.xcconfig"; path = "Target Support Files/Pods-Parstagram/Pods-Parstagram.debug.xcconfig"; sourceTree = "<group>"; };
		89BE8DB235E611017709882F /* Pods-Parstagram.release.xcconfig */ = {isa = PBXFileReference; includeInIndex = 1; lastKnownFileType = text.xcconfig; name = "Pods-Parstagram.release.xcconfig"; path = "Target Support Files/Pods-Parstagram/Pods-Parstagram.release.xcconfig"; sourceTree = "<group>"; };
		8C57A54D2256E99100145D1F /* Parstagram.app */ = {isa = PBXFileReference; explicitFileType = wrapper.application; includeInIndex = 0; path = Parstagram.app; sourceTree = BUILT_PRODUCTS_DIR; };
		8C57A5502256E99100145D1F /* AppDelegate.swift */ = {isa = PBXFileReference; lastKnownFileType = sourcecode.swift; path = AppDelegate.swift; sourceTree = "<group>"; };
		8C57A5552256E99100145D1F /* Base */ = {isa = PBXFileReference; lastKnownFileType = file.storyboard; name = Base; path = Base.lproj/Main.storyboard; sourceTree = "<group>"; };
		8C57A5582256E99100145D1F /* Parstagram.xcdatamodel */ = {isa = PBXFileReference; lastKnownFileType = wrapper.xcdatamodel; path = Parstagram.xcdatamodel; sourceTree = "<group>"; };
		8C57A55A2256E99700145D1F /* Assets.xcassets */ = {isa = PBXFileReference; lastKnownFileType = folder.assetcatalog; path = Assets.xcassets; sourceTree = "<group>"; };
		8C57A55D2256E99700145D1F /* Base */ = {isa = PBXFileReference; lastKnownFileType = file.storyboard; name = Base; path = Base.lproj/LaunchScreen.storyboard; sourceTree = "<group>"; };
		8C57A55F2256E99700145D1F /* Info.plist */ = {isa = PBXFileReference; lastKnownFileType = text.plist.xml; path = Info.plist; sourceTree = "<group>"; };
		8C57A5642256E99800145D1F /* ParstagramTests.xctest */ = {isa = PBXFileReference; explicitFileType = wrapper.cfbundle; includeInIndex = 0; path = ParstagramTests.xctest; sourceTree = BUILT_PRODUCTS_DIR; };
		8C57A5682256E99800145D1F /* ParstagramTests.swift */ = {isa = PBXFileReference; lastKnownFileType = sourcecode.swift; path = ParstagramTests.swift; sourceTree = "<group>"; };
		8C57A56A2256E99800145D1F /* Info.plist */ = {isa = PBXFileReference; lastKnownFileType = text.plist.xml; path = Info.plist; sourceTree = "<group>"; };
		8C57A56F2256E99800145D1F /* ParstagramUITests.xctest */ = {isa = PBXFileReference; explicitFileType = wrapper.cfbundle; includeInIndex = 0; path = ParstagramUITests.xctest; sourceTree = BUILT_PRODUCTS_DIR; };
		8C57A5732256E99800145D1F /* ParstagramUITests.swift */ = {isa = PBXFileReference; lastKnownFileType = sourcecode.swift; path = ParstagramUITests.swift; sourceTree = "<group>"; };
		8C57A5752256E99800145D1F /* Info.plist */ = {isa = PBXFileReference; lastKnownFileType = text.plist.xml; path = Info.plist; sourceTree = "<group>"; };
		8C5CA188225C1E3C00667556 /* LoginViewController.swift */ = {isa = PBXFileReference; lastKnownFileType = sourcecode.swift; path = LoginViewController.swift; sourceTree = "<group>"; };
		8C5CA18A225C1E4700667556 /* FeedViewController.swift */ = {isa = PBXFileReference; lastKnownFileType = sourcecode.swift; path = FeedViewController.swift; sourceTree = "<group>"; };
		8C5CA18C225C256000667556 /* CameraViewController.swift */ = {isa = PBXFileReference; lastKnownFileType = sourcecode.swift; path = CameraViewController.swift; sourceTree = "<group>"; };
		8C5CA18E225C343800667556 /* PostCell.swift */ = {isa = PBXFileReference; lastKnownFileType = sourcecode.swift; path = PostCell.swift; sourceTree = "<group>"; };
		8CEF1F3F45B420BF1F9792D8 /* Pods-ParstagramUITests.debug.xcconfig */ = {isa = PBXFileReference; includeInIndex = 1; lastKnownFileType = text.xcconfig; name = "Pods-ParstagramUITests.debug.xcconfig"; path = "Target Support Files/Pods-ParstagramUITests/Pods-ParstagramUITests.debug.xcconfig"; sourceTree = "<group>"; };
		991EFA626379576AF4E32B48 /* Pods-ParstagramUITests.release.xcconfig */ = {isa = PBXFileReference; includeInIndex = 1; lastKnownFileType = text.xcconfig; name = "Pods-ParstagramUITests.release.xcconfig"; path = "Target Support Files/Pods-ParstagramUITests/Pods-ParstagramUITests.release.xcconfig"; sourceTree = "<group>"; };
		D13C81F5B54358C3C59A7D97 /* Pods-ParstagramTests.release.xcconfig */ = {isa = PBXFileReference; includeInIndex = 1; lastKnownFileType = text.xcconfig; name = "Pods-ParstagramTests.release.xcconfig"; path = "Target Support Files/Pods-ParstagramTests/Pods-ParstagramTests.release.xcconfig"; sourceTree = "<group>"; };
		D873EB03EEAABD837F3F1BA7 /* Pods_Parstagram.framework */ = {isa = PBXFileReference; explicitFileType = wrapper.framework; includeInIndex = 0; path = Pods_Parstagram.framework; sourceTree = BUILT_PRODUCTS_DIR; };
		E31828C52EF030FA4DFFFDC2 /* Pods_ParstagramTests.framework */ = {isa = PBXFileReference; explicitFileType = wrapper.framework; includeInIndex = 0; path = Pods_ParstagramTests.framework; sourceTree = BUILT_PRODUCTS_DIR; };
/* End PBXFileReference section */

/* Begin PBXFrameworksBuildPhase section */
		8C57A54A2256E99100145D1F /* Frameworks */ = {
			isa = PBXFrameworksBuildPhase;
			buildActionMask = 2147483647;
			files = (
				D11E80BFC318352BBA74B200 /* Pods_Parstagram.framework in Frameworks */,
			);
			runOnlyForDeploymentPostprocessing = 0;
		};
		8C57A5612256E99800145D1F /* Frameworks */ = {
			isa = PBXFrameworksBuildPhase;
			buildActionMask = 2147483647;
			files = (
				9EB9E1F655757AD4EC82E4D1 /* Pods_ParstagramTests.framework in Frameworks */,
			);
			runOnlyForDeploymentPostprocessing = 0;
		};
		8C57A56C2256E99800145D1F /* Frameworks */ = {
			isa = PBXFrameworksBuildPhase;
			buildActionMask = 2147483647;
			files = (
				99CF856C6047E731EAFD4FB5 /* Pods_ParstagramUITests.framework in Frameworks */,
			);
			runOnlyForDeploymentPostprocessing = 0;
		};
/* End PBXFrameworksBuildPhase section */

/* Begin PBXGroup section */
		336DFBA0E921321513BF95A8 /* Pods */ = {
			isa = PBXGroup;
			children = (
				32974329E3995A13E6F902E4 /* Pods-Parstagram.debug.xcconfig */,
				89BE8DB235E611017709882F /* Pods-Parstagram.release.xcconfig */,
				03A26626B95AF15B4501A79B /* Pods-ParstagramTests.debug.xcconfig */,
				D13C81F5B54358C3C59A7D97 /* Pods-ParstagramTests.release.xcconfig */,
				8CEF1F3F45B420BF1F9792D8 /* Pods-ParstagramUITests.debug.xcconfig */,
				991EFA626379576AF4E32B48 /* Pods-ParstagramUITests.release.xcconfig */,
			);
			path = Pods;
			sourceTree = "<group>";
		};
		8C57A5442256E99000145D1F = {
			isa = PBXGroup;
			children = (
				8C57A54F2256E99100145D1F /* Parstagram */,
				8C57A5672256E99800145D1F /* ParstagramTests */,
				8C57A5722256E99800145D1F /* ParstagramUITests */,
				8C57A54E2256E99100145D1F /* Products */,
				336DFBA0E921321513BF95A8 /* Pods */,
				9869505106D0842C82075032 /* Frameworks */,
			);
			sourceTree = "<group>";
		};
		8C57A54E2256E99100145D1F /* Products */ = {
			isa = PBXGroup;
			children = (
				8C57A54D2256E99100145D1F /* Parstagram.app */,
				8C57A5642256E99800145D1F /* ParstagramTests.xctest */,
				8C57A56F2256E99800145D1F /* ParstagramUITests.xctest */,
			);
			name = Products;
			sourceTree = "<group>";
		};
		8C57A54F2256E99100145D1F /* Parstagram */ = {
			isa = PBXGroup;
			children = (
				8C57A5502256E99100145D1F /* AppDelegate.swift */,
				8C57A5542256E99100145D1F /* Main.storyboard */,
				8C57A55A2256E99700145D1F /* Assets.xcassets */,
				8C57A55C2256E99700145D1F /* LaunchScreen.storyboard */,
				8C57A55F2256E99700145D1F /* Info.plist */,
				8C57A5572256E99100145D1F /* Parstagram.xcdatamodeld */,
				8C5CA188225C1E3C00667556 /* LoginViewController.swift */,
				8C5CA18A225C1E4700667556 /* FeedViewController.swift */,
				8C5CA18C225C256000667556 /* CameraViewController.swift */,
				8C5CA18E225C343800667556 /* PostCell.swift */,
			);
			path = Parstagram;
			sourceTree = "<group>";
		};
		8C57A5672256E99800145D1F /* ParstagramTests */ = {
			isa = PBXGroup;
			children = (
				8C57A5682256E99800145D1F /* ParstagramTests.swift */,
				8C57A56A2256E99800145D1F /* Info.plist */,
			);
			path = ParstagramTests;
			sourceTree = "<group>";
		};
		8C57A5722256E99800145D1F /* ParstagramUITests */ = {
			isa = PBXGroup;
			children = (
				8C57A5732256E99800145D1F /* ParstagramUITests.swift */,
				8C57A5752256E99800145D1F /* Info.plist */,
			);
			path = ParstagramUITests;
			sourceTree = "<group>";
		};
		9869505106D0842C82075032 /* Frameworks */ = {
			isa = PBXGroup;
			children = (
				D873EB03EEAABD837F3F1BA7 /* Pods_Parstagram.framework */,
				E31828C52EF030FA4DFFFDC2 /* Pods_ParstagramTests.framework */,
				041734AFFF4BF1A46FCDFB31 /* Pods_ParstagramUITests.framework */,
			);
			name = Frameworks;
			sourceTree = "<group>";
		};
/* End PBXGroup section */

/* Begin PBXNativeTarget section */
		8C57A54C2256E99100145D1F /* Parstagram */ = {
			isa = PBXNativeTarget;
			buildConfigurationList = 8C57A5782256E99800145D1F /* Build configuration list for PBXNativeTarget "Parstagram" */;
			buildPhases = (
				A54E258EDA241932AF05D87F /* [CP] Check Pods Manifest.lock */,
				8C57A5492256E99100145D1F /* Sources */,
				8C57A54A2256E99100145D1F /* Frameworks */,
				8C57A54B2256E99100145D1F /* Resources */,
				3960D6C6188DB280D9FE7D34 /* [CP] Embed Pods Frameworks */,
			);
			buildRules = (
			);
			dependencies = (
			);
			name = Parstagram;
			productName = Parstagram;
			productReference = 8C57A54D2256E99100145D1F /* Parstagram.app */;
			productType = "com.apple.product-type.application";
		};
		8C57A5632256E99800145D1F /* ParstagramTests */ = {
			isa = PBXNativeTarget;
			buildConfigurationList = 8C57A57B2256E99800145D1F /* Build configuration list for PBXNativeTarget "ParstagramTests" */;
			buildPhases = (
				B0D174BD48694613C8256FD7 /* [CP] Check Pods Manifest.lock */,
				8C57A5602256E99800145D1F /* Sources */,
				8C57A5612256E99800145D1F /* Frameworks */,
				8C57A5622256E99800145D1F /* Resources */,
			);
			buildRules = (
			);
			dependencies = (
				8C57A5662256E99800145D1F /* PBXTargetDependency */,
			);
			name = ParstagramTests;
			productName = ParstagramTests;
			productReference = 8C57A5642256E99800145D1F /* ParstagramTests.xctest */;
			productType = "com.apple.product-type.bundle.unit-test";
		};
		8C57A56E2256E99800145D1F /* ParstagramUITests */ = {
			isa = PBXNativeTarget;
			buildConfigurationList = 8C57A57E2256E99800145D1F /* Build configuration list for PBXNativeTarget "ParstagramUITests" */;
			buildPhases = (
				5F2A9566C04BA1FE50BBE5D0 /* [CP] Check Pods Manifest.lock */,
				8C57A56B2256E99800145D1F /* Sources */,
				8C57A56C2256E99800145D1F /* Frameworks */,
				8C57A56D2256E99800145D1F /* Resources */,
			);
			buildRules = (
			);
			dependencies = (
				8C57A5712256E99800145D1F /* PBXTargetDependency */,
			);
			name = ParstagramUITests;
			productName = ParstagramUITests;
			productReference = 8C57A56F2256E99800145D1F /* ParstagramUITests.xctest */;
			productType = "com.apple.product-type.bundle.ui-testing";
		};
/* End PBXNativeTarget section */

/* Begin PBXProject section */
		8C57A5452256E99000145D1F /* Project object */ = {
			isa = PBXProject;
			attributes = {
				LastSwiftUpdateCheck = 1010;
				LastUpgradeCheck = 1010;
				ORGANIZATIONNAME = "edan yachdav";
				TargetAttributes = {
					8C57A54C2256E99100145D1F = {
						CreatedOnToolsVersion = 10.1;
					};
					8C57A5632256E99800145D1F = {
						CreatedOnToolsVersion = 10.1;
						TestTargetID = 8C57A54C2256E99100145D1F;
					};
					8C57A56E2256E99800145D1F = {
						CreatedOnToolsVersion = 10.1;
						TestTargetID = 8C57A54C2256E99100145D1F;
					};
				};
			};
			buildConfigurationList = 8C57A5482256E99000145D1F /* Build configuration list for PBXProject "Parstagram" */;
			compatibilityVersion = "Xcode 9.3";
			developmentRegion = en;
			hasScannedForEncodings = 0;
			knownRegions = (
				en,
				Base,
			);
			mainGroup = 8C57A5442256E99000145D1F;
			productRefGroup = 8C57A54E2256E99100145D1F /* Products */;
			projectDirPath = "";
			projectRoot = "";
			targets = (
				8C57A54C2256E99100145D1F /* Parstagram */,
				8C57A5632256E99800145D1F /* ParstagramTests */,
				8C57A56E2256E99800145D1F /* ParstagramUITests */,
			);
		};
/* End PBXProject section */

/* Begin PBXResourcesBuildPhase section */
		8C57A54B2256E99100145D1F /* Resources */ = {
			isa = PBXResourcesBuildPhase;
			buildActionMask = 2147483647;
			files = (
				8C57A55E2256E99700145D1F /* LaunchScreen.storyboard in Resources */,
				8C57A55B2256E99700145D1F /* Assets.xcassets in Resources */,
				8C57A5562256E99100145D1F /* Main.storyboard in Resources */,
			);
			runOnlyForDeploymentPostprocessing = 0;
		};
		8C57A5622256E99800145D1F /* Resources */ = {
			isa = PBXResourcesBuildPhase;
			buildActionMask = 2147483647;
			files = (
			);
			runOnlyForDeploymentPostprocessing = 0;
		};
		8C57A56D2256E99800145D1F /* Resources */ = {
			isa = PBXResourcesBuildPhase;
			buildActionMask = 2147483647;
			files = (
			);
			runOnlyForDeploymentPostprocessing = 0;
		};
/* End PBXResourcesBuildPhase section */

/* Begin PBXShellScriptBuildPhase section */
		3960D6C6188DB280D9FE7D34 /* [CP] Embed Pods Frameworks */ = {
			isa = PBXShellScriptBuildPhase;
			buildActionMask = 2147483647;
			files = (
			);
			inputFileListPaths = (
			);
			inputPaths = (
				"${PODS_ROOT}/Target Support Files/Pods-Parstagram/Pods-Parstagram-frameworks.sh",
				"${BUILT_PRODUCTS_DIR}/Alamofire/Alamofire.framework",
				"${BUILT_PRODUCTS_DIR}/AlamofireImage/AlamofireImage.framework",
				"${BUILT_PRODUCTS_DIR}/Bolts/Bolts.framework",
				"${BUILT_PRODUCTS_DIR}/Parse/Parse.framework",
			);
			name = "[CP] Embed Pods Frameworks";
			outputFileListPaths = (
			);
			outputPaths = (
				"${TARGET_BUILD_DIR}/${FRAMEWORKS_FOLDER_PATH}/Alamofire.framework",
				"${TARGET_BUILD_DIR}/${FRAMEWORKS_FOLDER_PATH}/AlamofireImage.framework",
				"${TARGET_BUILD_DIR}/${FRAMEWORKS_FOLDER_PATH}/Bolts.framework",
				"${TARGET_BUILD_DIR}/${FRAMEWORKS_FOLDER_PATH}/Parse.framework",
			);
			runOnlyForDeploymentPostprocessing = 0;
			shellPath = /bin/sh;
			shellScript = "\"${PODS_ROOT}/Target Support Files/Pods-Parstagram/Pods-Parstagram-frameworks.sh\"\n";
			showEnvVarsInLog = 0;
		};
		5F2A9566C04BA1FE50BBE5D0 /* [CP] Check Pods Manifest.lock */ = {
			isa = PBXShellScriptBuildPhase;
			buildActionMask = 2147483647;
			files = (
			);
			inputFileListPaths = (
			);
			inputPaths = (
				"${PODS_PODFILE_DIR_PATH}/Podfile.lock",
				"${PODS_ROOT}/Manifest.lock",
			);
			name = "[CP] Check Pods Manifest.lock";
			outputFileListPaths = (
			);
			outputPaths = (
				"$(DERIVED_FILE_DIR)/Pods-ParstagramUITests-checkManifestLockResult.txt",
			);
			runOnlyForDeploymentPostprocessing = 0;
			shellPath = /bin/sh;
			shellScript = "diff \"${PODS_PODFILE_DIR_PATH}/Podfile.lock\" \"${PODS_ROOT}/Manifest.lock\" > /dev/null\nif [ $? != 0 ] ; then\n    # print error to STDERR\n    echo \"error: The sandbox is not in sync with the Podfile.lock. Run 'pod install' or update your CocoaPods installation.\" >&2\n    exit 1\nfi\n# This output is used by Xcode 'outputs' to avoid re-running this script phase.\necho \"SUCCESS\" > \"${SCRIPT_OUTPUT_FILE_0}\"\n";
			showEnvVarsInLog = 0;
		};
		A54E258EDA241932AF05D87F /* [CP] Check Pods Manifest.lock */ = {
			isa = PBXShellScriptBuildPhase;
			buildActionMask = 2147483647;
			files = (
			);
			inputFileListPaths = (
			);
			inputPaths = (
				"${PODS_PODFILE_DIR_PATH}/Podfile.lock",
				"${PODS_ROOT}/Manifest.lock",
			);
			name = "[CP] Check Pods Manifest.lock";
			outputFileListPaths = (
			);
			outputPaths = (
				"$(DERIVED_FILE_DIR)/Pods-Parstagram-checkManifestLockResult.txt",
			);
			runOnlyForDeploymentPostprocessing = 0;
			shellPath = /bin/sh;
			shellScript = "diff \"${PODS_PODFILE_DIR_PATH}/Podfile.lock\" \"${PODS_ROOT}/Manifest.lock\" > /dev/null\nif [ $? != 0 ] ; then\n    # print error to STDERR\n    echo \"error: The sandbox is not in sync with the Podfile.lock. Run 'pod install' or update your CocoaPods installation.\" >&2\n    exit 1\nfi\n# This output is used by Xcode 'outputs' to avoid re-running this script phase.\necho \"SUCCESS\" > \"${SCRIPT_OUTPUT_FILE_0}\"\n";
			showEnvVarsInLog = 0;
		};
		B0D174BD48694613C8256FD7 /* [CP] Check Pods Manifest.lock */ = {
			isa = PBXShellScriptBuildPhase;
			buildActionMask = 2147483647;
			files = (
			);
			inputFileListPaths = (
			);
			inputPaths = (
				"${PODS_PODFILE_DIR_PATH}/Podfile.lock",
				"${PODS_ROOT}/Manifest.lock",
			);
			name = "[CP] Check Pods Manifest.lock";
			outputFileListPaths = (
			);
			outputPaths = (
				"$(DERIVED_FILE_DIR)/Pods-ParstagramTests-checkManifestLockResult.txt",
			);
			runOnlyForDeploymentPostprocessing = 0;
			shellPath = /bin/sh;
			shellScript = "diff \"${PODS_PODFILE_DIR_PATH}/Podfile.lock\" \"${PODS_ROOT}/Manifest.lock\" > /dev/null\nif [ $? != 0 ] ; then\n    # print error to STDERR\n    echo \"error: The sandbox is not in sync with the Podfile.lock. Run 'pod install' or update your CocoaPods installation.\" >&2\n    exit 1\nfi\n# This output is used by Xcode 'outputs' to avoid re-running this script phase.\necho \"SUCCESS\" > \"${SCRIPT_OUTPUT_FILE_0}\"\n";
			showEnvVarsInLog = 0;
		};
/* End PBXShellScriptBuildPhase section */

/* Begin PBXSourcesBuildPhase section */
		8C57A5492256E99100145D1F /* Sources */ = {
			isa = PBXSourcesBuildPhase;
			buildActionMask = 2147483647;
			files = (
				8C5CA189225C1E3C00667556 /* LoginViewController.swift in Sources */,
				8C5CA18D225C256000667556 /* CameraViewController.swift in Sources */,
				8C57A5512256E99100145D1F /* AppDelegate.swift in Sources */,
				8C5CA18B225C1E4700667556 /* FeedViewController.swift in Sources */,
				8C57A5592256E99100145D1F /* Parstagram.xcdatamodeld in Sources */,
				8C5CA18F225C343800667556 /* PostCell.swift in Sources */,
			);
			runOnlyForDeploymentPostprocessing = 0;
		};
		8C57A5602256E99800145D1F /* Sources */ = {
			isa = PBXSourcesBuildPhase;
			buildActionMask = 2147483647;
			files = (
				8C57A5692256E99800145D1F /* ParstagramTests.swift in Sources */,
			);
			runOnlyForDeploymentPostprocessing = 0;
		};
		8C57A56B2256E99800145D1F /* Sources */ = {
			isa = PBXSourcesBuildPhase;
			buildActionMask = 2147483647;
			files = (
				8C57A5742256E99800145D1F /* ParstagramUITests.swift in Sources */,
			);
			runOnlyForDeploymentPostprocessing = 0;
		};
/* End PBXSourcesBuildPhase section */

/* Begin PBXTargetDependency section */
		8C57A5662256E99800145D1F /* PBXTargetDependency */ = {
			isa = PBXTargetDependency;
			target = 8C57A54C2256E99100145D1F /* Parstagram */;
			targetProxy = 8C57A5652256E99800145D1F /* PBXContainerItemProxy */;
		};
		8C57A5712256E99800145D1F /* PBXTargetDependency */ = {
			isa = PBXTargetDependency;
			target = 8C57A54C2256E99100145D1F /* Parstagram */;
			targetProxy = 8C57A5702256E99800145D1F /* PBXContainerItemProxy */;
		};
/* End PBXTargetDependency section */

/* Begin PBXVariantGroup section */
		8C57A5542256E99100145D1F /* Main.storyboard */ = {
			isa = PBXVariantGroup;
			children = (
				8C57A5552256E99100145D1F /* Base */,
			);
			name = Main.storyboard;
			sourceTree = "<group>";
		};
		8C57A55C2256E99700145D1F /* LaunchScreen.storyboard */ = {
			isa = PBXVariantGroup;
			children = (
				8C57A55D2256E99700145D1F /* Base */,
			);
			name = LaunchScreen.storyboard;
			sourceTree = "<group>";
		};
/* End PBXVariantGroup section */

/* Begin XCBuildConfiguration section */
		8C57A5762256E99800145D1F /* Debug */ = {
			isa = XCBuildConfiguration;
			buildSettings = {
				ALWAYS_SEARCH_USER_PATHS = NO;
				CLANG_ANALYZER_NONNULL = YES;
				CLANG_ANALYZER_NUMBER_OBJECT_CONVERSION = YES_AGGRESSIVE;
				CLANG_CXX_LANGUAGE_STANDARD = "gnu++14";
				CLANG_CXX_LIBRARY = "libc++";
				CLANG_ENABLE_MODULES = YES;
				CLANG_ENABLE_OBJC_ARC = YES;
				CLANG_ENABLE_OBJC_WEAK = YES;
				CLANG_WARN_BLOCK_CAPTURE_AUTORELEASING = YES;
				CLANG_WARN_BOOL_CONVERSION = YES;
				CLANG_WARN_COMMA = YES;
				CLANG_WARN_CONSTANT_CONVERSION = YES;
				CLANG_WARN_DEPRECATED_OBJC_IMPLEMENTATIONS = YES;
				CLANG_WARN_DIRECT_OBJC_ISA_USAGE = YES_ERROR;
				CLANG_WARN_DOCUMENTATION_COMMENTS = YES;
				CLANG_WARN_EMPTY_BODY = YES;
				CLANG_WARN_ENUM_CONVERSION = YES;
				CLANG_WARN_INFINITE_RECURSION = YES;
				CLANG_WARN_INT_CONVERSION = YES;
				CLANG_WARN_NON_LITERAL_NULL_CONVERSION = YES;
				CLANG_WARN_OBJC_IMPLICIT_RETAIN_SELF = YES;
				CLANG_WARN_OBJC_LITERAL_CONVERSION = YES;
				CLANG_WARN_OBJC_ROOT_CLASS = YES_ERROR;
				CLANG_WARN_RANGE_LOOP_ANALYSIS = YES;
				CLANG_WARN_STRICT_PROTOTYPES = YES;
				CLANG_WARN_SUSPICIOUS_MOVE = YES;
				CLANG_WARN_UNGUARDED_AVAILABILITY = YES_AGGRESSIVE;
				CLANG_WARN_UNREACHABLE_CODE = YES;
				CLANG_WARN__DUPLICATE_METHOD_MATCH = YES;
				CODE_SIGN_IDENTITY = "iPhone Developer";
				COPY_PHASE_STRIP = NO;
				DEBUG_INFORMATION_FORMAT = dwarf;
				ENABLE_STRICT_OBJC_MSGSEND = YES;
				ENABLE_TESTABILITY = YES;
				GCC_C_LANGUAGE_STANDARD = gnu11;
				GCC_DYNAMIC_NO_PIC = NO;
				GCC_NO_COMMON_BLOCKS = YES;
				GCC_OPTIMIZATION_LEVEL = 0;
				GCC_PREPROCESSOR_DEFINITIONS = (
					"DEBUG=1",
					"$(inherited)",
				);
				GCC_WARN_64_TO_32_BIT_CONVERSION = YES;
				GCC_WARN_ABOUT_RETURN_TYPE = YES_ERROR;
				GCC_WARN_UNDECLARED_SELECTOR = YES;
				GCC_WARN_UNINITIALIZED_AUTOS = YES_AGGRESSIVE;
				GCC_WARN_UNUSED_FUNCTION = YES;
				GCC_WARN_UNUSED_VARIABLE = YES;
				IPHONEOS_DEPLOYMENT_TARGET = 12.1;
				MTL_ENABLE_DEBUG_INFO = INCLUDE_SOURCE;
				MTL_FAST_MATH = YES;
				ONLY_ACTIVE_ARCH = YES;
				SDKROOT = iphoneos;
				SWIFT_ACTIVE_COMPILATION_CONDITIONS = DEBUG;
				SWIFT_OPTIMIZATION_LEVEL = "-Onone";
			};
			name = Debug;
		};
		8C57A5772256E99800145D1F /* Release */ = {
			isa = XCBuildConfiguration;
			buildSettings = {
				ALWAYS_SEARCH_USER_PATHS = NO;
				CLANG_ANALYZER_NONNULL = YES;
				CLANG_ANALYZER_NUMBER_OBJECT_CONVERSION = YES_AGGRESSIVE;
				CLANG_CXX_LANGUAGE_STANDARD = "gnu++14";
				CLANG_CXX_LIBRARY = "libc++";
				CLANG_ENABLE_MODULES = YES;
				CLANG_ENABLE_OBJC_ARC = YES;
				CLANG_ENABLE_OBJC_WEAK = YES;
				CLANG_WARN_BLOCK_CAPTURE_AUTORELEASING = YES;
				CLANG_WARN_BOOL_CONVERSION = YES;
				CLANG_WARN_COMMA = YES;
				CLANG_WARN_CONSTANT_CONVERSION = YES;
				CLANG_WARN_DEPRECATED_OBJC_IMPLEMENTATIONS = YES;
				CLANG_WARN_DIRECT_OBJC_ISA_USAGE = YES_ERROR;
				CLANG_WARN_DOCUMENTATION_COMMENTS = YES;
				CLANG_WARN_EMPTY_BODY = YES;
				CLANG_WARN_ENUM_CONVERSION = YES;
				CLANG_WARN_INFINITE_RECURSION = YES;
				CLANG_WARN_INT_CONVERSION = YES;
				CLANG_WARN_NON_LITERAL_NULL_CONVERSION = YES;
				CLANG_WARN_OBJC_IMPLICIT_RETAIN_SELF = YES;
				CLANG_WARN_OBJC_LITERAL_CONVERSION = YES;
				CLANG_WARN_OBJC_ROOT_CLASS = YES_ERROR;
				CLANG_WARN_RANGE_LOOP_ANALYSIS = YES;
				CLANG_WARN_STRICT_PROTOTYPES = YES;
				CLANG_WARN_SUSPICIOUS_MOVE = YES;
				CLANG_WARN_UNGUARDED_AVAILABILITY = YES_AGGRESSIVE;
				CLANG_WARN_UNREACHABLE_CODE = YES;
				CLANG_WARN__DUPLICATE_METHOD_MATCH = YES;
				CODE_SIGN_IDENTITY = "iPhone Developer";
				COPY_PHASE_STRIP = NO;
				DEBUG_INFORMATION_FORMAT = "dwarf-with-dsym";
				ENABLE_NS_ASSERTIONS = NO;
				ENABLE_STRICT_OBJC_MSGSEND = YES;
				GCC_C_LANGUAGE_STANDARD = gnu11;
				GCC_NO_COMMON_BLOCKS = YES;
				GCC_WARN_64_TO_32_BIT_CONVERSION = YES;
				GCC_WARN_ABOUT_RETURN_TYPE = YES_ERROR;
				GCC_WARN_UNDECLARED_SELECTOR = YES;
				GCC_WARN_UNINITIALIZED_AUTOS = YES_AGGRESSIVE;
				GCC_WARN_UNUSED_FUNCTION = YES;
				GCC_WARN_UNUSED_VARIABLE = YES;
				IPHONEOS_DEPLOYMENT_TARGET = 12.1;
				MTL_ENABLE_DEBUG_INFO = NO;
				MTL_FAST_MATH = YES;
				SDKROOT = iphoneos;
				SWIFT_COMPILATION_MODE = wholemodule;
				SWIFT_OPTIMIZATION_LEVEL = "-O";
				VALIDATE_PRODUCT = YES;
			};
			name = Release;
		};
		8C57A5792256E99800145D1F /* Debug */ = {
			isa = XCBuildConfiguration;
			baseConfigurationReference = 32974329E3995A13E6F902E4 /* Pods-Parstagram.debug.xcconfig */;
			buildSettings = {
				ASSETCATALOG_COMPILER_APPICON_NAME = AppIcon;
				CODE_SIGN_STYLE = Automatic;
				DEVELOPMENT_TEAM = 85NSFJ3D63;
				INFOPLIST_FILE = Parstagram/Info.plist;
				LD_RUNPATH_SEARCH_PATHS = (
					"$(inherited)",
					"@executable_path/Frameworks",
				);
				PRODUCT_BUNDLE_IDENTIFIER = edan.yachdav.org.A14204593.Parstagram;
				PRODUCT_NAME = "$(TARGET_NAME)";
				SWIFT_VERSION = 4.2;
				TARGETED_DEVICE_FAMILY = "1,2";
			};
			name = Debug;
		};
		8C57A57A2256E99800145D1F /* Release */ = {
			isa = XCBuildConfiguration;
			baseConfigurationReference = 89BE8DB235E611017709882F /* Pods-Parstagram.release.xcconfig */;
			buildSettings = {
				ASSETCATALOG_COMPILER_APPICON_NAME = AppIcon;
				CODE_SIGN_STYLE = Automatic;
				DEVELOPMENT_TEAM = 85NSFJ3D63;
				INFOPLIST_FILE = Parstagram/Info.plist;
				LD_RUNPATH_SEARCH_PATHS = (
					"$(inherited)",
					"@executable_path/Frameworks",
				);
				PRODUCT_BUNDLE_IDENTIFIER = edan.yachdav.org.A14204593.Parstagram;
				PRODUCT_NAME = "$(TARGET_NAME)";
				SWIFT_VERSION = 4.2;
				TARGETED_DEVICE_FAMILY = "1,2";
			};
			name = Release;
		};
		8C57A57C2256E99800145D1F /* Debug */ = {
			isa = XCBuildConfiguration;
			baseConfigurationReference = 03A26626B95AF15B4501A79B /* Pods-ParstagramTests.debug.xcconfig */;
			buildSettings = {
				ALWAYS_EMBED_SWIFT_STANDARD_LIBRARIES = YES;
				BUNDLE_LOADER = "$(TEST_HOST)";
				CODE_SIGN_STYLE = Automatic;
				DEVELOPMENT_TEAM = 85NSFJ3D63;
				INFOPLIST_FILE = ParstagramTests/Info.plist;
				LD_RUNPATH_SEARCH_PATHS = (
					"$(inherited)",
					"@executable_path/Frameworks",
					"@loader_path/Frameworks",
				);
				PRODUCT_BUNDLE_IDENTIFIER = edan.yachdav.org.A14204593.ParstagramTests;
				PRODUCT_NAME = "$(TARGET_NAME)";
				SWIFT_VERSION = 4.2;
				TARGETED_DEVICE_FAMILY = "1,2";
				TEST_HOST = "$(BUILT_PRODUCTS_DIR)/Parstagram.app/Parstagram";
			};
			name = Debug;
		};
		8C57A57D2256E99800145D1F /* Release */ = {
			isa = XCBuildConfiguration;
			baseConfigurationReference = D13C81F5B54358C3C59A7D97 /* Pods-ParstagramTests.release.xcconfig */;
			buildSettings = {
				ALWAYS_EMBED_SWIFT_STANDARD_LIBRARIES = YES;
				BUNDLE_LOADER = "$(TEST_HOST)";
				CODE_SIGN_STYLE = Automatic;
				DEVELOPMENT_TEAM = 85NSFJ3D63;
				INFOPLIST_FILE = ParstagramTests/Info.plist;
				LD_RUNPATH_SEARCH_PATHS = (
					"$(inherited)",
					"@executable_path/Frameworks",
					"@loader_path/Frameworks",
				);
				PRODUCT_BUNDLE_IDENTIFIER = edan.yachdav.org.A14204593.ParstagramTests;
				PRODUCT_NAME = "$(TARGET_NAME)";
				SWIFT_VERSION = 4.2;
				TARGETED_DEVICE_FAMILY = "1,2";
				TEST_HOST = "$(BUILT_PRODUCTS_DIR)/Parstagram.app/Parstagram";
			};
			name = Release;
		};
		8C57A57F2256E99800145D1F /* Debug */ = {
			isa = XCBuildConfiguration;
			baseConfigurationReference = 8CEF1F3F45B420BF1F9792D8 /* Pods-ParstagramUITests.debug.xcconfig */;
			buildSettings = {
				ALWAYS_EMBED_SWIFT_STANDARD_LIBRARIES = YES;
				CODE_SIGN_STYLE = Automatic;
				DEVELOPMENT_TEAM = 85NSFJ3D63;
				INFOPLIST_FILE = ParstagramUITests/Info.plist;
				LD_RUNPATH_SEARCH_PATHS = (
					"$(inherited)",
					"@executable_path/Frameworks",
					"@loader_path/Frameworks",
				);
				PRODUCT_BUNDLE_IDENTIFIER = edan.yachdav.org.A14204593.ParstagramUITests;
				PRODUCT_NAME = "$(TARGET_NAME)";
				SWIFT_VERSION = 4.2;
				TARGETED_DEVICE_FAMILY = "1,2";
				TEST_TARGET_NAME = Parstagram;
			};
			name = Debug;
		};
		8C57A5802256E99800145D1F /* Release */ = {
			isa = XCBuildConfiguration;
			baseConfigurationReference = 991EFA626379576AF4E32B48 /* Pods-ParstagramUITests.release.xcconfig */;
			buildSettings = {
				ALWAYS_EMBED_SWIFT_STANDARD_LIBRARIES = YES;
				CODE_SIGN_STYLE = Automatic;
				DEVELOPMENT_TEAM = 85NSFJ3D63;
				INFOPLIST_FILE = ParstagramUITests/Info.plist;
				LD_RUNPATH_SEARCH_PATHS = (
					"$(inherited)",
					"@executable_path/Frameworks",
					"@loader_path/Frameworks",
				);
				PRODUCT_BUNDLE_IDENTIFIER = edan.yachdav.org.A14204593.ParstagramUITests;
				PRODUCT_NAME = "$(TARGET_NAME)";
				SWIFT_VERSION = 4.2;
				TARGETED_DEVICE_FAMILY = "1,2";
				TEST_TARGET_NAME = Parstagram;
			};
			name = Release;
		};
/* End XCBuildConfiguration section */

/* Begin XCConfigurationList section */
		8C57A5482256E99000145D1F /* Build configuration list for PBXProject "Parstagram" */ = {
			isa = XCConfigurationList;
			buildConfigurations = (
				8C57A5762256E99800145D1F /* Debug */,
				8C57A5772256E99800145D1F /* Release */,
			);
			defaultConfigurationIsVisible = 0;
			defaultConfigurationName = Release;
		};
		8C57A5782256E99800145D1F /* Build configuration list for PBXNativeTarget "Parstagram" */ = {
			isa = XCConfigurationList;
			buildConfigurations = (
				8C57A5792256E99800145D1F /* Debug */,
				8C57A57A2256E99800145D1F /* Release */,
			);
			defaultConfigurationIsVisible = 0;
			defaultConfigurationName = Release;
		};
		8C57A57B2256E99800145D1F /* Build configuration list for PBXNativeTarget "ParstagramTests" */ = {
			isa = XCConfigurationList;
			buildConfigurations = (
				8C57A57C2256E99800145D1F /* Debug */,
				8C57A57D2256E99800145D1F /* Release */,
			);
			defaultConfigurationIsVisible = 0;
			defaultConfigurationName = Release;
		};
		8C57A57E2256E99800145D1F /* Build configuration list for PBXNativeTarget "ParstagramUITests" */ = {
			isa = XCConfigurationList;
			buildConfigurations = (
				8C57A57F2256E99800145D1F /* Debug */,
				8C57A5802256E99800145D1F /* Release */,
			);
			defaultConfigurationIsVisible = 0;
			defaultConfigurationName = Release;
		};
/* End XCConfigurationList section */

/* Begin XCVersionGroup section */
		8C57A5572256E99100145D1F /* Parstagram.xcdatamodeld */ = {
			isa = XCVersionGroup;
			children = (
				8C57A5582256E99100145D1F /* Parstagram.xcdatamodel */,
			);
			currentVersion = 8C57A5582256E99100145D1F /* Parstagram.xcdatamodel */;
			path = Parstagram.xcdatamodeld;
			sourceTree = "<group>";
			versionGroupType = wrapper.xcdatamodel;
		};
/* End XCVersionGroup section */
	};
	rootObject = 8C57A5452256E99000145D1F /* Project object */;
}
